
Microsoft Visual Studio Solution File, Format Version 12.00
# Visual Studio 2012
Project("{FAE04EC0-301F-11D3-BF4B-00C04F79EFBC}") = "CheetahBook", "CheetahBook\CheetahBook.csproj", "{D916E9CE-CCC4-4270-A579-DFBA56888B79}"
EndProject
Global
	GlobalSection(SolutionConfigurationPlatforms) = preSolution
		Debug|x86 = Debug|x86
		Release|x86 = Release|x86
	EndGlobalSection
	GlobalSection(ProjectConfigurationPlatforms) = postSolution
		{D916E9CE-CCC4-4270-A579-DFBA56888B79}.Debug|x86.ActiveCfg = Debug|x86
		{D916E9CE-CCC4-4270-A579-DFBA56888B79}.Debug|x86.Build.0 = Debug|x86
		{D916E9CE-CCC4-4270-A579-DFBA56888B79}.Release|x86.ActiveCfg = Release|x86
		{D916E9CE-CCC4-4270-A579-DFBA56888B79}.Release|x86.Build.0 = Release|x86
	EndGlobalSection
EndGlobal
